// !$*UTF8*$!
{
	archiveVersion = 1;
	classes = {
	};
	objectVersion = 56;
	objects = {

/* Begin PBXBuildFile section */
		75DA56F12900857900E2160D /* OrdersViewController.swift in Sources */ = {isa = PBXBuildFile; fileRef = 75DA56F02900857900E2160D /* OrdersViewController.swift */; };
		75DA56F32900867A00E2160D /* ProductsViewController.swift in Sources */ = {isa = PBXBuildFile; fileRef = 75DA56F22900867A00E2160D /* ProductsViewController.swift */; };
		75E36E6E28FEF68D00E81454 /* AppDelegate.swift in Sources */ = {isa = PBXBuildFile; fileRef = 75E36E6D28FEF68D00E81454 /* AppDelegate.swift */; };
		75E36E7028FEF68D00E81454 /* SceneDelegate.swift in Sources */ = {isa = PBXBuildFile; fileRef = 75E36E6F28FEF68D00E81454 /* SceneDelegate.swift */; };
		75E36E7228FEF68D00E81454 /* ViewController.swift in Sources */ = {isa = PBXBuildFile; fileRef = 75E36E7128FEF68D00E81454 /* ViewController.swift */; };
		75E36E7728FEF68F00E81454 /* Assets.xcassets in Resources */ = {isa = PBXBuildFile; fileRef = 75E36E7628FEF68F00E81454 /* Assets.xcassets */; };
		75E36E7A28FEF68F00E81454 /* LaunchScreen.storyboard in Resources */ = {isa = PBXBuildFile; fileRef = 75E36E7828FEF68F00E81454 /* LaunchScreen.storyboard */; };
		75E36E8528FEF68F00E81454 /* eventsTests.swift in Sources */ = {isa = PBXBuildFile; fileRef = 75E36E8428FEF68F00E81454 /* eventsTests.swift */; };
		75E36E8F28FEF68F00E81454 /* eventsUITests.swift in Sources */ = {isa = PBXBuildFile; fileRef = 75E36E8E28FEF68F00E81454 /* eventsUITests.swift */; };
		75E36E9128FEF68F00E81454 /* eventsUITestsLaunchTests.swift in Sources */ = {isa = PBXBuildFile; fileRef = 75E36E9028FEF68F00E81454 /* eventsUITestsLaunchTests.swift */; };
		75E36EA128FEF89200E81454 /* CategoriesApi.swift in Sources */ = {isa = PBXBuildFile; fileRef = 75E36EA028FEF89200E81454 /* CategoriesApi.swift */; };
		75E36EA428FEF8E800E81454 /* CategoryModel.swift in Sources */ = {isa = PBXBuildFile; fileRef = 75E36EA328FEF8E800E81454 /* CategoryModel.swift */; };
		75E36EA728FEFA3700E81454 /* ID.swift in Sources */ = {isa = PBXBuildFile; fileRef = 75E36EA628FEFA3700E81454 /* ID.swift */; };
		75E36EA928FEFC2C00E81454 /* ProductModel.swift in Sources */ = {isa = PBXBuildFile; fileRef = 75E36EA828FEFC2C00E81454 /* ProductModel.swift */; };
		75E36EAD28FEFF2100E81454 /* ProductsApi.swift in Sources */ = {isa = PBXBuildFile; fileRef = 75E36EAC28FEFF2100E81454 /* ProductsApi.swift */; };
		75E36EAF28FF03F400E81454 /* ISOString.swift in Sources */ = {isa = PBXBuildFile; fileRef = 75E36EAE28FF03F400E81454 /* ISOString.swift */; };
		75E36EB128FF040100E81454 /* URL.swift in Sources */ = {isa = PBXBuildFile; fileRef = 75E36EB028FF040100E81454 /* URL.swift */; };
		75E36EB328FF041800E81454 /* Cents.swift in Sources */ = {isa = PBXBuildFile; fileRef = 75E36EB228FF041800E81454 /* Cents.swift */; };
		75E36EB528FF059000E81454 /* ApiService.swift in Sources */ = {isa = PBXBuildFile; fileRef = 75E36EB428FF059000E81454 /* ApiService.swift */; };
		75E36EB828FF0A5D00E81454 /* CategoriesMock.swift in Sources */ = {isa = PBXBuildFile; fileRef = 75E36EB728FF0A5D00E81454 /* CategoriesMock.swift */; };
		75E36EBA28FF0AF200E81454 /* ProductsMock.swift in Sources */ = {isa = PBXBuildFile; fileRef = 75E36EB928FF0AF200E81454 /* ProductsMock.swift */; };
		75E36EBF28FF291400E81454 /* CategoriesApiTests.swift in Sources */ = {isa = PBXBuildFile; fileRef = 75E36EBE28FF291400E81454 /* CategoriesApiTests.swift */; };
		75E36EC128FF293000E81454 /* ProductsApiTests.swift in Sources */ = {isa = PBXBuildFile; fileRef = 75E36EC028FF293000E81454 /* ProductsApiTests.swift */; };
		75E36EC228FF29B200E81454 /* ApiService.swift in Sources */ = {isa = PBXBuildFile; fileRef = 75E36EB428FF059000E81454 /* ApiService.swift */; };
		75E36EC328FF29C100E81454 /* ProductsMock.swift in Sources */ = {isa = PBXBuildFile; fileRef = 75E36EB928FF0AF200E81454 /* ProductsMock.swift */; };
		75E36EC428FF29C100E81454 /* CategoriesMock.swift in Sources */ = {isa = PBXBuildFile; fileRef = 75E36EB728FF0A5D00E81454 /* CategoriesMock.swift */; };
		75E36EC528FF29CF00E81454 /* CategoryModel.swift in Sources */ = {isa = PBXBuildFile; fileRef = 75E36EA328FEF8E800E81454 /* CategoryModel.swift */; };
		75E36EC628FF29CF00E81454 /* ProductModel.swift in Sources */ = {isa = PBXBuildFile; fileRef = 75E36EA828FEFC2C00E81454 /* ProductModel.swift */; };
		75E36EC728FF29D200E81454 /* ProductsApi.swift in Sources */ = {isa = PBXBuildFile; fileRef = 75E36EAC28FEFF2100E81454 /* ProductsApi.swift */; };
		75E36EC828FF29D200E81454 /* CategoriesApi.swift in Sources */ = {isa = PBXBuildFile; fileRef = 75E36EA028FEF89200E81454 /* CategoriesApi.swift */; };
		75E36EC928FF2BF500E81454 /* ID.swift in Sources */ = {isa = PBXBuildFile; fileRef = 75E36EA628FEFA3700E81454 /* ID.swift */; };
		75E36ECA28FF2C3F00E81454 /* ISOString.swift in Sources */ = {isa = PBXBuildFile; fileRef = 75E36EAE28FF03F400E81454 /* ISOString.swift */; };
		75E36ECB28FF2C3F00E81454 /* URL.swift in Sources */ = {isa = PBXBuildFile; fileRef = 75E36EB028FF040100E81454 /* URL.swift */; };
		75E36ECC28FF2C3F00E81454 /* Cents.swift in Sources */ = {isa = PBXBuildFile; fileRef = 75E36EB228FF041800E81454 /* Cents.swift */; };
/* End PBXBuildFile section */

/* Begin PBXContainerItemProxy section */
		75E36E8128FEF68F00E81454 /* PBXContainerItemProxy */ = {
			isa = PBXContainerItemProxy;
			containerPortal = 75E36E6228FEF68D00E81454 /* Project object */;
			proxyType = 1;
			remoteGlobalIDString = 75E36E6928FEF68D00E81454;
			remoteInfo = events;
		};
		75E36E8B28FEF68F00E81454 /* PBXContainerItemProxy */ = {
			isa = PBXContainerItemProxy;
			containerPortal = 75E36E6228FEF68D00E81454 /* Project object */;
			proxyType = 1;
			remoteGlobalIDString = 75E36E6928FEF68D00E81454;
			remoteInfo = events;
		};
/* End PBXContainerItemProxy section */

/* Begin PBXFileReference section */
		75DA56F02900857900E2160D /* OrdersViewController.swift */ = {isa = PBXFileReference; lastKnownFileType = sourcecode.swift; path = OrdersViewController.swift; sourceTree = "<group>"; };
		75DA56F22900867A00E2160D /* ProductsViewController.swift */ = {isa = PBXFileReference; lastKnownFileType = sourcecode.swift; path = ProductsViewController.swift; sourceTree = "<group>"; };
		75E36E6A28FEF68D00E81454 /* events.app */ = {isa = PBXFileReference; explicitFileType = wrapper.application; includeInIndex = 0; path = events.app; sourceTree = BUILT_PRODUCTS_DIR; };
		75E36E6D28FEF68D00E81454 /* AppDelegate.swift */ = {isa = PBXFileReference; lastKnownFileType = sourcecode.swift; path = AppDelegate.swift; sourceTree = "<group>"; };
		75E36E6F28FEF68D00E81454 /* SceneDelegate.swift */ = {isa = PBXFileReference; lastKnownFileType = sourcecode.swift; path = SceneDelegate.swift; sourceTree = "<group>"; };
		75E36E7128FEF68D00E81454 /* ViewController.swift */ = {isa = PBXFileReference; lastKnownFileType = sourcecode.swift; path = ViewController.swift; sourceTree = "<group>"; };
		75E36E7628FEF68F00E81454 /* Assets.xcassets */ = {isa = PBXFileReference; lastKnownFileType = folder.assetcatalog; path = Assets.xcassets; sourceTree = "<group>"; };
		75E36E7928FEF68F00E81454 /* Base */ = {isa = PBXFileReference; lastKnownFileType = file.storyboard; name = Base; path = Base.lproj/LaunchScreen.storyboard; sourceTree = "<group>"; };
		75E36E7B28FEF68F00E81454 /* Info.plist */ = {isa = PBXFileReference; lastKnownFileType = text.plist.xml; path = Info.plist; sourceTree = "<group>"; };
		75E36E8028FEF68F00E81454 /* eventsTests.xctest */ = {isa = PBXFileReference; explicitFileType = wrapper.cfbundle; includeInIndex = 0; path = eventsTests.xctest; sourceTree = BUILT_PRODUCTS_DIR; };
		75E36E8428FEF68F00E81454 /* eventsTests.swift */ = {isa = PBXFileReference; lastKnownFileType = sourcecode.swift; path = eventsTests.swift; sourceTree = "<group>"; };
		75E36E8A28FEF68F00E81454 /* eventsUITests.xctest */ = {isa = PBXFileReference; explicitFileType = wrapper.cfbundle; includeInIndex = 0; path = eventsUITests.xctest; sourceTree = BUILT_PRODUCTS_DIR; };
		75E36E8E28FEF68F00E81454 /* eventsUITests.swift */ = {isa = PBXFileReference; lastKnownFileType = sourcecode.swift; path = eventsUITests.swift; sourceTree = "<group>"; };
		75E36E9028FEF68F00E81454 /* eventsUITestsLaunchTests.swift */ = {isa = PBXFileReference; lastKnownFileType = sourcecode.swift; path = eventsUITestsLaunchTests.swift; sourceTree = "<group>"; };
		75E36EA028FEF89200E81454 /* CategoriesApi.swift */ = {isa = PBXFileReference; lastKnownFileType = sourcecode.swift; path = CategoriesApi.swift; sourceTree = "<group>"; };
		75E36EA328FEF8E800E81454 /* CategoryModel.swift */ = {isa = PBXFileReference; lastKnownFileType = sourcecode.swift; path = CategoryModel.swift; sourceTree = "<group>"; };
		75E36EA628FEFA3700E81454 /* ID.swift */ = {isa = PBXFileReference; lastKnownFileType = sourcecode.swift; path = ID.swift; sourceTree = "<group>"; };
		75E36EA828FEFC2C00E81454 /* ProductModel.swift */ = {isa = PBXFileReference; lastKnownFileType = sourcecode.swift; path = ProductModel.swift; sourceTree = "<group>"; };
		75E36EAC28FEFF2100E81454 /* ProductsApi.swift */ = {isa = PBXFileReference; lastKnownFileType = sourcecode.swift; path = ProductsApi.swift; sourceTree = "<group>"; };
		75E36EAE28FF03F400E81454 /* ISOString.swift */ = {isa = PBXFileReference; lastKnownFileType = sourcecode.swift; path = ISOString.swift; sourceTree = "<group>"; };
		75E36EB028FF040100E81454 /* URL.swift */ = {isa = PBXFileReference; lastKnownFileType = sourcecode.swift; path = URL.swift; sourceTree = "<group>"; };
		75E36EB228FF041800E81454 /* Cents.swift */ = {isa = PBXFileReference; lastKnownFileType = sourcecode.swift; path = Cents.swift; sourceTree = "<group>"; };
		75E36EB428FF059000E81454 /* ApiService.swift */ = {isa = PBXFileReference; lastKnownFileType = sourcecode.swift; path = ApiService.swift; sourceTree = "<group>"; };
		75E36EB728FF0A5D00E81454 /* CategoriesMock.swift */ = {isa = PBXFileReference; lastKnownFileType = sourcecode.swift; path = CategoriesMock.swift; sourceTree = "<group>"; };
		75E36EB928FF0AF200E81454 /* ProductsMock.swift */ = {isa = PBXFileReference; lastKnownFileType = sourcecode.swift; path = ProductsMock.swift; sourceTree = "<group>"; };
		75E36EBE28FF291400E81454 /* CategoriesApiTests.swift */ = {isa = PBXFileReference; lastKnownFileType = sourcecode.swift; path = CategoriesApiTests.swift; sourceTree = "<group>"; };
		75E36EC028FF293000E81454 /* ProductsApiTests.swift */ = {isa = PBXFileReference; lastKnownFileType = sourcecode.swift; path = ProductsApiTests.swift; sourceTree = "<group>"; };
/* End PBXFileReference section */

/* Begin PBXFrameworksBuildPhase section */
		75E36E6728FEF68D00E81454 /* Frameworks */ = {
			isa = PBXFrameworksBuildPhase;
			buildActionMask = 2147483647;
			files = (
			);
			runOnlyForDeploymentPostprocessing = 0;
		};
		75E36E7D28FEF68F00E81454 /* Frameworks */ = {
			isa = PBXFrameworksBuildPhase;
			buildActionMask = 2147483647;
			files = (
			);
			runOnlyForDeploymentPostprocessing = 0;
		};
		75E36E8728FEF68F00E81454 /* Frameworks */ = {
			isa = PBXFrameworksBuildPhase;
			buildActionMask = 2147483647;
			files = (
			);
			runOnlyForDeploymentPostprocessing = 0;
		};
/* End PBXFrameworksBuildPhase section */

/* Begin PBXGroup section */
		75DA56ED290084FB00E2160D /* Views */ = {
			isa = PBXGroup;
			children = (
				75DA56EF2900854300E2160D /* Orders */,
				75DA56EE2900853E00E2160D /* Products */,
			);
			path = Views;
			sourceTree = "<group>";
		};
		75DA56EE2900853E00E2160D /* Products */ = {
			isa = PBXGroup;
			children = (
				75DA56F22900867A00E2160D /* ProductsViewController.swift */,
			);
			path = Products;
			sourceTree = "<group>";
		};
		75DA56EF2900854300E2160D /* Orders */ = {
			isa = PBXGroup;
			children = (
				75DA56F02900857900E2160D /* OrdersViewController.swift */,
			);
			path = Orders;
			sourceTree = "<group>";
		};
		75E36E6128FEF68D00E81454 = {
			isa = PBXGroup;
			children = (
				75E36E6C28FEF68D00E81454 /* events */,
				75E36E8328FEF68F00E81454 /* eventsTests */,
				75E36E8D28FEF68F00E81454 /* eventsUITests */,
				75E36E6B28FEF68D00E81454 /* Products */,
			);
			sourceTree = "<group>";
		};
		75E36E6B28FEF68D00E81454 /* Products */ = {
			isa = PBXGroup;
			children = (
				75E36E6A28FEF68D00E81454 /* events.app */,
				75E36E8028FEF68F00E81454 /* eventsTests.xctest */,
				75E36E8A28FEF68F00E81454 /* eventsUITests.xctest */,
			);
			name = Products;
			sourceTree = "<group>";
		};
		75E36E6C28FEF68D00E81454 /* events */ = {
			isa = PBXGroup;
			children = (
				75DA56ED290084FB00E2160D /* Views */,
				75E36E9D28FEF84E00E81454 /* Services */,
				75E36E6D28FEF68D00E81454 /* AppDelegate.swift */,
				75E36E6F28FEF68D00E81454 /* SceneDelegate.swift */,
				75E36E7128FEF68D00E81454 /* ViewController.swift */,
				75E36E7628FEF68F00E81454 /* Assets.xcassets */,
				75E36E7828FEF68F00E81454 /* LaunchScreen.storyboard */,
				75E36E7B28FEF68F00E81454 /* Info.plist */,
			);
			path = events;
			sourceTree = "<group>";
		};
		75E36E8328FEF68F00E81454 /* eventsTests */ = {
			isa = PBXGroup;
			children = (
				75E36EBB28FF28CC00E81454 /* Services */,
				75E36E8428FEF68F00E81454 /* eventsTests.swift */,
			);
			path = eventsTests;
			sourceTree = "<group>";
		};
		75E36E8D28FEF68F00E81454 /* eventsUITests */ = {
			isa = PBXGroup;
			children = (
				75E36E8E28FEF68F00E81454 /* eventsUITests.swift */,
				75E36E9028FEF68F00E81454 /* eventsUITestsLaunchTests.swift */,
			);
			path = eventsUITests;
			sourceTree = "<group>";
		};
		75E36E9D28FEF84E00E81454 /* Services */ = {
			isa = PBXGroup;
			children = (
				75E36E9E28FEF85A00E81454 /* ApiService */,
			);
			path = Services;
			sourceTree = "<group>";
		};
		75E36E9E28FEF85A00E81454 /* ApiService */ = {
			isa = PBXGroup;
			children = (
				75E36EB628FF0A4900E81454 /* Mocks */,
				75E36EA528FEFA1C00E81454 /* TypesAliases */,
				75E36EA228FEF8D700E81454 /* Models */,
				75E36E9F28FEF86000E81454 /* Clients */,
				75E36EB428FF059000E81454 /* ApiService.swift */,
			);
			path = ApiService;
			sourceTree = "<group>";
		};
		75E36E9F28FEF86000E81454 /* Clients */ = {
			isa = PBXGroup;
			children = (
				75E36EA028FEF89200E81454 /* CategoriesApi.swift */,
				75E36EAC28FEFF2100E81454 /* ProductsApi.swift */,
			);
			path = Clients;
			sourceTree = "<group>";
		};
		75E36EA228FEF8D700E81454 /* Models */ = {
			isa = PBXGroup;
			children = (
				75E36EA328FEF8E800E81454 /* CategoryModel.swift */,
				75E36EA828FEFC2C00E81454 /* ProductModel.swift */,
			);
			path = Models;
			sourceTree = "<group>";
		};
		75E36EA528FEFA1C00E81454 /* TypesAliases */ = {
			isa = PBXGroup;
			children = (
				75E36EA628FEFA3700E81454 /* ID.swift */,
				75E36EAE28FF03F400E81454 /* ISOString.swift */,
				75E36EB028FF040100E81454 /* URL.swift */,
				75E36EB228FF041800E81454 /* Cents.swift */,
			);
			path = TypesAliases;
			sourceTree = "<group>";
		};
		75E36EB628FF0A4900E81454 /* Mocks */ = {
			isa = PBXGroup;
			children = (
				75E36EB728FF0A5D00E81454 /* CategoriesMock.swift */,
				75E36EB928FF0AF200E81454 /* ProductsMock.swift */,
			);
			path = Mocks;
			sourceTree = "<group>";
		};
		75E36EBB28FF28CC00E81454 /* Services */ = {
			isa = PBXGroup;
			children = (
				75E36EBC28FF28D200E81454 /* ApiService */,
			);
			path = Services;
			sourceTree = "<group>";
		};
		75E36EBC28FF28D200E81454 /* ApiService */ = {
			isa = PBXGroup;
			children = (
				75E36EBD28FF28E100E81454 /* Clients */,
			);
			path = ApiService;
			sourceTree = "<group>";
		};
		75E36EBD28FF28E100E81454 /* Clients */ = {
			isa = PBXGroup;
			children = (
				75E36EBE28FF291400E81454 /* CategoriesApiTests.swift */,
				75E36EC028FF293000E81454 /* ProductsApiTests.swift */,
			);
			path = Clients;
			sourceTree = "<group>";
		};
/* End PBXGroup section */

/* Begin PBXNativeTarget section */
		75E36E6928FEF68D00E81454 /* events */ = {
			isa = PBXNativeTarget;
			buildConfigurationList = 75E36E9428FEF68F00E81454 /* Build configuration list for PBXNativeTarget "events" */;
			buildPhases = (
				75E36E6628FEF68D00E81454 /* Sources */,
				75E36E6728FEF68D00E81454 /* Frameworks */,
				75E36E6828FEF68D00E81454 /* Resources */,
			);
			buildRules = (
			);
			dependencies = (
			);
			name = events;
			productName = events;
			productReference = 75E36E6A28FEF68D00E81454 /* events.app */;
			productType = "com.apple.product-type.application";
		};
		75E36E7F28FEF68F00E81454 /* eventsTests */ = {
			isa = PBXNativeTarget;
			buildConfigurationList = 75E36E9728FEF68F00E81454 /* Build configuration list for PBXNativeTarget "eventsTests" */;
			buildPhases = (
				75E36E7C28FEF68F00E81454 /* Sources */,
				75E36E7D28FEF68F00E81454 /* Frameworks */,
				75E36E7E28FEF68F00E81454 /* Resources */,
			);
			buildRules = (
			);
			dependencies = (
				75E36E8228FEF68F00E81454 /* PBXTargetDependency */,
			);
			name = eventsTests;
			productName = eventsTests;
			productReference = 75E36E8028FEF68F00E81454 /* eventsTests.xctest */;
			productType = "com.apple.product-type.bundle.unit-test";
		};
		75E36E8928FEF68F00E81454 /* eventsUITests */ = {
			isa = PBXNativeTarget;
			buildConfigurationList = 75E36E9A28FEF68F00E81454 /* Build configuration list for PBXNativeTarget "eventsUITests" */;
			buildPhases = (
				75E36E8628FEF68F00E81454 /* Sources */,
				75E36E8728FEF68F00E81454 /* Frameworks */,
				75E36E8828FEF68F00E81454 /* Resources */,
			);
			buildRules = (
			);
			dependencies = (
				75E36E8C28FEF68F00E81454 /* PBXTargetDependency */,
			);
			name = eventsUITests;
			productName = eventsUITests;
			productReference = 75E36E8A28FEF68F00E81454 /* eventsUITests.xctest */;
			productType = "com.apple.product-type.bundle.ui-testing";
		};
/* End PBXNativeTarget section */

/* Begin PBXProject section */
		75E36E6228FEF68D00E81454 /* Project object */ = {
			isa = PBXProject;
			attributes = {
				BuildIndependentTargetsInParallel = 1;
				LastSwiftUpdateCheck = 1400;
				LastUpgradeCheck = 1400;
				TargetAttributes = {
					75E36E6928FEF68D00E81454 = {
						CreatedOnToolsVersion = 14.0.1;
					};
					75E36E7F28FEF68F00E81454 = {
						CreatedOnToolsVersion = 14.0.1;
						TestTargetID = 75E36E6928FEF68D00E81454;
					};
					75E36E8928FEF68F00E81454 = {
						CreatedOnToolsVersion = 14.0.1;
						TestTargetID = 75E36E6928FEF68D00E81454;
					};
				};
			};
			buildConfigurationList = 75E36E6528FEF68D00E81454 /* Build configuration list for PBXProject "events" */;
			compatibilityVersion = "Xcode 14.0";
			developmentRegion = en;
			hasScannedForEncodings = 0;
			knownRegions = (
				en,
				Base,
			);
			mainGroup = 75E36E6128FEF68D00E81454;
			productRefGroup = 75E36E6B28FEF68D00E81454 /* Products */;
			projectDirPath = "";
			projectRoot = "";
			targets = (
				75E36E6928FEF68D00E81454 /* events */,
				75E36E7F28FEF68F00E81454 /* eventsTests */,
				75E36E8928FEF68F00E81454 /* eventsUITests */,
			);
		};
/* End PBXProject section */

/* Begin PBXResourcesBuildPhase section */
		75E36E6828FEF68D00E81454 /* Resources */ = {
			isa = PBXResourcesBuildPhase;
			buildActionMask = 2147483647;
			files = (
				75E36E7A28FEF68F00E81454 /* LaunchScreen.storyboard in Resources */,
				75E36E7728FEF68F00E81454 /* Assets.xcassets in Resources */,
			);
			runOnlyForDeploymentPostprocessing = 0;
		};
		75E36E7E28FEF68F00E81454 /* Resources */ = {
			isa = PBXResourcesBuildPhase;
			buildActionMask = 2147483647;
			files = (
			);
			runOnlyForDeploymentPostprocessing = 0;
		};
		75E36E8828FEF68F00E81454 /* Resources */ = {
			isa = PBXResourcesBuildPhase;
			buildActionMask = 2147483647;
			files = (
			);
			runOnlyForDeploymentPostprocessing = 0;
		};
/* End PBXResourcesBuildPhase section */

/* Begin PBXSourcesBuildPhase section */
		75E36E6628FEF68D00E81454 /* Sources */ = {
			isa = PBXSourcesBuildPhase;
			buildActionMask = 2147483647;
			files = (
				75E36E7228FEF68D00E81454 /* ViewController.swift in Sources */,
				75E36EBA28FF0AF200E81454 /* ProductsMock.swift in Sources */,
				75E36E6E28FEF68D00E81454 /* AppDelegate.swift in Sources */,
				75E36EB528FF059000E81454 /* ApiService.swift in Sources */,
				75E36EAD28FEFF2100E81454 /* ProductsApi.swift in Sources */,
				75E36EA728FEFA3700E81454 /* ID.swift in Sources */,
				75E36EA128FEF89200E81454 /* CategoriesApi.swift in Sources */,
				75E36EB328FF041800E81454 /* Cents.swift in Sources */,
				75E36EB128FF040100E81454 /* URL.swift in Sources */,
				75E36EA428FEF8E800E81454 /* CategoryModel.swift in Sources */,
				75DA56F32900867A00E2160D /* ProductsViewController.swift in Sources */,
				75DA56F12900857900E2160D /* OrdersViewController.swift in Sources */,
				75E36EA928FEFC2C00E81454 /* ProductModel.swift in Sources */,
				75E36E7028FEF68D00E81454 /* SceneDelegate.swift in Sources */,
				75E36EB828FF0A5D00E81454 /* CategoriesMock.swift in Sources */,
				75E36EAF28FF03F400E81454 /* ISOString.swift in Sources */,
			);
			runOnlyForDeploymentPostprocessing = 0;
		};
		75E36E7C28FEF68F00E81454 /* Sources */ = {
			isa = PBXSourcesBuildPhase;
			buildActionMask = 2147483647;
			files = (
				75E36EC828FF29D200E81454 /* CategoriesApi.swift in Sources */,
				75E36EC928FF2BF500E81454 /* ID.swift in Sources */,
				75E36E8528FEF68F00E81454 /* eventsTests.swift in Sources */,
				75E36EBF28FF291400E81454 /* CategoriesApiTests.swift in Sources */,
				75E36EC328FF29C100E81454 /* ProductsMock.swift in Sources */,
				75E36ECB28FF2C3F00E81454 /* URL.swift in Sources */,
				75E36EC428FF29C100E81454 /* CategoriesMock.swift in Sources */,
				75E36ECC28FF2C3F00E81454 /* Cents.swift in Sources */,
				75E36EC528FF29CF00E81454 /* CategoryModel.swift in Sources */,
				75E36EC728FF29D200E81454 /* ProductsApi.swift in Sources */,
				75E36ECA28FF2C3F00E81454 /* ISOString.swift in Sources */,
				75E36EC228FF29B200E81454 /* ApiService.swift in Sources */,
				75E36EC128FF293000E81454 /* ProductsApiTests.swift in Sources */,
				75E36EC628FF29CF00E81454 /* ProductModel.swift in Sources */,
			);
			runOnlyForDeploymentPostprocessing = 0;
		};
		75E36E8628FEF68F00E81454 /* Sources */ = {
			isa = PBXSourcesBuildPhase;
			buildActionMask = 2147483647;
			files = (
				75E36E8F28FEF68F00E81454 /* eventsUITests.swift in Sources */,
				75E36E9128FEF68F00E81454 /* eventsUITestsLaunchTests.swift in Sources */,
			);
			runOnlyForDeploymentPostprocessing = 0;
		};
/* End PBXSourcesBuildPhase section */

/* Begin PBXTargetDependency section */
		75E36E8228FEF68F00E81454 /* PBXTargetDependency */ = {
			isa = PBXTargetDependency;
			target = 75E36E6928FEF68D00E81454 /* events */;
			targetProxy = 75E36E8128FEF68F00E81454 /* PBXContainerItemProxy */;
		};
		75E36E8C28FEF68F00E81454 /* PBXTargetDependency */ = {
			isa = PBXTargetDependency;
			target = 75E36E6928FEF68D00E81454 /* events */;
			targetProxy = 75E36E8B28FEF68F00E81454 /* PBXContainerItemProxy */;
		};
/* End PBXTargetDependency section */

/* Begin PBXVariantGroup section */
		75E36E7828FEF68F00E81454 /* LaunchScreen.storyboard */ = {
			isa = PBXVariantGroup;
			children = (
				75E36E7928FEF68F00E81454 /* Base */,
			);
			name = LaunchScreen.storyboard;
			sourceTree = "<group>";
		};
/* End PBXVariantGroup section */

/* Begin XCBuildConfiguration section */
		75E36E9228FEF68F00E81454 /* Debug */ = {
			isa = XCBuildConfiguration;
			buildSettings = {
				ALWAYS_SEARCH_USER_PATHS = NO;
				CLANG_ANALYZER_NONNULL = YES;
				CLANG_ANALYZER_NUMBER_OBJECT_CONVERSION = YES_AGGRESSIVE;
				CLANG_CXX_LANGUAGE_STANDARD = "gnu++20";
				CLANG_ENABLE_MODULES = YES;
				CLANG_ENABLE_OBJC_ARC = YES;
				CLANG_ENABLE_OBJC_WEAK = YES;
				CLANG_WARN_BLOCK_CAPTURE_AUTORELEASING = YES;
				CLANG_WARN_BOOL_CONVERSION = YES;
				CLANG_WARN_COMMA = YES;
				CLANG_WARN_CONSTANT_CONVERSION = YES;
				CLANG_WARN_DEPRECATED_OBJC_IMPLEMENTATIONS = YES;
				CLANG_WARN_DIRECT_OBJC_ISA_USAGE = YES_ERROR;
				CLANG_WARN_DOCUMENTATION_COMMENTS = YES;
				CLANG_WARN_EMPTY_BODY = YES;
				CLANG_WARN_ENUM_CONVERSION = YES;
				CLANG_WARN_INFINITE_RECURSION = YES;
				CLANG_WARN_INT_CONVERSION = YES;
				CLANG_WARN_NON_LITERAL_NULL_CONVERSION = YES;
				CLANG_WARN_OBJC_IMPLICIT_RETAIN_SELF = YES;
				CLANG_WARN_OBJC_LITERAL_CONVERSION = YES;
				CLANG_WARN_OBJC_ROOT_CLASS = YES_ERROR;
				CLANG_WARN_QUOTED_INCLUDE_IN_FRAMEWORK_HEADER = YES;
				CLANG_WARN_RANGE_LOOP_ANALYSIS = YES;
				CLANG_WARN_STRICT_PROTOTYPES = YES;
				CLANG_WARN_SUSPICIOUS_MOVE = YES;
				CLANG_WARN_UNGUARDED_AVAILABILITY = YES_AGGRESSIVE;
				CLANG_WARN_UNREACHABLE_CODE = YES;
				CLANG_WARN__DUPLICATE_METHOD_MATCH = YES;
				COPY_PHASE_STRIP = NO;
				DEBUG_INFORMATION_FORMAT = dwarf;
				ENABLE_STRICT_OBJC_MSGSEND = YES;
				ENABLE_TESTABILITY = YES;
				GCC_C_LANGUAGE_STANDARD = gnu11;
				GCC_DYNAMIC_NO_PIC = NO;
				GCC_NO_COMMON_BLOCKS = YES;
				GCC_OPTIMIZATION_LEVEL = 0;
				GCC_PREPROCESSOR_DEFINITIONS = (
					"DEBUG=1",
					"$(inherited)",
				);
				GCC_WARN_64_TO_32_BIT_CONVERSION = YES;
				GCC_WARN_ABOUT_RETURN_TYPE = YES_ERROR;
				GCC_WARN_UNDECLARED_SELECTOR = YES;
				GCC_WARN_UNINITIALIZED_AUTOS = YES_AGGRESSIVE;
				GCC_WARN_UNUSED_FUNCTION = YES;
				GCC_WARN_UNUSED_VARIABLE = YES;
				IPHONEOS_DEPLOYMENT_TARGET = 16.0;
				MTL_ENABLE_DEBUG_INFO = INCLUDE_SOURCE;
				MTL_FAST_MATH = YES;
				ONLY_ACTIVE_ARCH = YES;
				SDKROOT = iphoneos;
				SWIFT_ACTIVE_COMPILATION_CONDITIONS = DEBUG;
				SWIFT_OPTIMIZATION_LEVEL = "-Onone";
			};
			name = Debug;
		};
		75E36E9328FEF68F00E81454 /* Release */ = {
			isa = XCBuildConfiguration;
			buildSettings = {
				ALWAYS_SEARCH_USER_PATHS = NO;
				CLANG_ANALYZER_NONNULL = YES;
				CLANG_ANALYZER_NUMBER_OBJECT_CONVERSION = YES_AGGRESSIVE;
				CLANG_CXX_LANGUAGE_STANDARD = "gnu++20";
				CLANG_ENABLE_MODULES = YES;
				CLANG_ENABLE_OBJC_ARC = YES;
				CLANG_ENABLE_OBJC_WEAK = YES;
				CLANG_WARN_BLOCK_CAPTURE_AUTORELEASING = YES;
				CLANG_WARN_BOOL_CONVERSION = YES;
				CLANG_WARN_COMMA = YES;
				CLANG_WARN_CONSTANT_CONVERSION = YES;
				CLANG_WARN_DEPRECATED_OBJC_IMPLEMENTATIONS = YES;
				CLANG_WARN_DIRECT_OBJC_ISA_USAGE = YES_ERROR;
				CLANG_WARN_DOCUMENTATION_COMMENTS = YES;
				CLANG_WARN_EMPTY_BODY = YES;
				CLANG_WARN_ENUM_CONVERSION = YES;
				CLANG_WARN_INFINITE_RECURSION = YES;
				CLANG_WARN_INT_CONVERSION = YES;
				CLANG_WARN_NON_LITERAL_NULL_CONVERSION = YES;
				CLANG_WARN_OBJC_IMPLICIT_RETAIN_SELF = YES;
				CLANG_WARN_OBJC_LITERAL_CONVERSION = YES;
				CLANG_WARN_OBJC_ROOT_CLASS = YES_ERROR;
				CLANG_WARN_QUOTED_INCLUDE_IN_FRAMEWORK_HEADER = YES;
				CLANG_WARN_RANGE_LOOP_ANALYSIS = YES;
				CLANG_WARN_STRICT_PROTOTYPES = YES;
				CLANG_WARN_SUSPICIOUS_MOVE = YES;
				CLANG_WARN_UNGUARDED_AVAILABILITY = YES_AGGRESSIVE;
				CLANG_WARN_UNREACHABLE_CODE = YES;
				CLANG_WARN__DUPLICATE_METHOD_MATCH = YES;
				COPY_PHASE_STRIP = NO;
				DEBUG_INFORMATION_FORMAT = "dwarf-with-dsym";
				ENABLE_NS_ASSERTIONS = NO;
				ENABLE_STRICT_OBJC_MSGSEND = YES;
				GCC_C_LANGUAGE_STANDARD = gnu11;
				GCC_NO_COMMON_BLOCKS = YES;
				GCC_WARN_64_TO_32_BIT_CONVERSION = YES;
				GCC_WARN_ABOUT_RETURN_TYPE = YES_ERROR;
				GCC_WARN_UNDECLARED_SELECTOR = YES;
				GCC_WARN_UNINITIALIZED_AUTOS = YES_AGGRESSIVE;
				GCC_WARN_UNUSED_FUNCTION = YES;
				GCC_WARN_UNUSED_VARIABLE = YES;
				IPHONEOS_DEPLOYMENT_TARGET = 16.0;
				MTL_ENABLE_DEBUG_INFO = NO;
				MTL_FAST_MATH = YES;
				SDKROOT = iphoneos;
				SWIFT_COMPILATION_MODE = wholemodule;
				SWIFT_OPTIMIZATION_LEVEL = "-O";
				VALIDATE_PRODUCT = YES;
			};
			name = Release;
		};
		75E36E9528FEF68F00E81454 /* Debug */ = {
			isa = XCBuildConfiguration;
			buildSettings = {
				ASSETCATALOG_COMPILER_APPICON_NAME = AppIcon;
				ASSETCATALOG_COMPILER_GLOBAL_ACCENT_COLOR_NAME = AccentColor;
				CODE_SIGN_STYLE = Automatic;
				CURRENT_PROJECT_VERSION = 1;
				GENERATE_INFOPLIST_FILE = YES;
				INFOPLIST_FILE = events/Info.plist;
				INFOPLIST_KEY_UIApplicationSupportsIndirectInputEvents = YES;
				INFOPLIST_KEY_UILaunchStoryboardName = LaunchScreen;
				INFOPLIST_KEY_UIMainStoryboardFile = "";
				INFOPLIST_KEY_UISupportedInterfaceOrientations_iPad = "UIInterfaceOrientationPortrait UIInterfaceOrientationPortraitUpsideDown UIInterfaceOrientationLandscapeLeft UIInterfaceOrientationLandscapeRight";
				INFOPLIST_KEY_UISupportedInterfaceOrientations_iPhone = "UIInterfaceOrientationPortrait UIInterfaceOrientationLandscapeLeft UIInterfaceOrientationLandscapeRight";
				LD_RUNPATH_SEARCH_PATHS = (
					"$(inherited)",
					"@executable_path/Frameworks",
				);
				MARKETING_VERSION = 1.0;
				PRODUCT_BUNDLE_IDENTIFIER = ios.events;
				PRODUCT_NAME = "$(TARGET_NAME)";
				SWIFT_EMIT_LOC_STRINGS = YES;
				SWIFT_VERSION = 5.0;
				TARGETED_DEVICE_FAMILY = "1,2";
			};
			name = Debug;
		};
		75E36E9628FEF68F00E81454 /* Release */ = {
			isa = XCBuildConfiguration;
			buildSettings = {
				ASSETCATALOG_COMPILER_APPICON_NAME = AppIcon;
				ASSETCATALOG_COMPILER_GLOBAL_ACCENT_COLOR_NAME = AccentColor;
				CODE_SIGN_STYLE = Automatic;
				CURRENT_PROJECT_VERSION = 1;
				GENERATE_INFOPLIST_FILE = YES;
				INFOPLIST_FILE = events/Info.plist;
				INFOPLIST_KEY_UIApplicationSupportsIndirectInputEvents = YES;
				INFOPLIST_KEY_UILaunchStoryboardName = LaunchScreen;
				INFOPLIST_KEY_UIMainStoryboardFile = "";
				INFOPLIST_KEY_UISupportedInterfaceOrientations_iPad = "UIInterfaceOrientationPortrait UIInterfaceOrientationPortraitUpsideDown UIInterfaceOrientationLandscapeLeft UIInterfaceOrientationLandscapeRight";
				INFOPLIST_KEY_UISupportedInterfaceOrientations_iPhone = "UIInterfaceOrientationPortrait UIInterfaceOrientationLandscapeLeft UIInterfaceOrientationLandscapeRight";
				LD_RUNPATH_SEARCH_PATHS = (
					"$(inherited)",
					"@executable_path/Frameworks",
				);
				MARKETING_VERSION = 1.0;
				PRODUCT_BUNDLE_IDENTIFIER = ios.events;
				PRODUCT_NAME = "$(TARGET_NAME)";
				SWIFT_EMIT_LOC_STRINGS = YES;
				SWIFT_VERSION = 5.0;
				TARGETED_DEVICE_FAMILY = "1,2";
			};
			name = Release;
		};
		75E36E9828FEF68F00E81454 /* Debug */ = {
			isa = XCBuildConfiguration;
			buildSettings = {
				ALWAYS_EMBED_SWIFT_STANDARD_LIBRARIES = YES;
				BUNDLE_LOADER = "$(TEST_HOST)";
				CODE_SIGN_STYLE = Automatic;
				CURRENT_PROJECT_VERSION = 1;
				GENERATE_INFOPLIST_FILE = YES;
				IPHONEOS_DEPLOYMENT_TARGET = 16.0;
				MARKETING_VERSION = 1.0;
				PRODUCT_BUNDLE_IDENTIFIER = ios.eventsTests;
				PRODUCT_NAME = "$(TARGET_NAME)";
				SWIFT_EMIT_LOC_STRINGS = NO;
				SWIFT_VERSION = 5.0;
				TARGETED_DEVICE_FAMILY = "1,2";
				TEST_HOST = "$(BUILT_PRODUCTS_DIR)/events.app/$(BUNDLE_EXECUTABLE_FOLDER_PATH)/events";
			};
			name = Debug;
		};
		75E36E9928FEF68F00E81454 /* Release */ = {
			isa = XCBuildConfiguration;
			buildSettings = {
				ALWAYS_EMBED_SWIFT_STANDARD_LIBRARIES = YES;
				BUNDLE_LOADER = "$(TEST_HOST)";
				CODE_SIGN_STYLE = Automatic;
				CURRENT_PROJECT_VERSION = 1;
				GENERATE_INFOPLIST_FILE = YES;
				IPHONEOS_DEPLOYMENT_TARGET = 16.0;
				MARKETING_VERSION = 1.0;
				PRODUCT_BUNDLE_IDENTIFIER = ios.eventsTests;
				PRODUCT_NAME = "$(TARGET_NAME)";
				SWIFT_EMIT_LOC_STRINGS = NO;
				SWIFT_VERSION = 5.0;
				TARGETED_DEVICE_FAMILY = "1,2";
				TEST_HOST = "$(BUILT_PRODUCTS_DIR)/events.app/$(BUNDLE_EXECUTABLE_FOLDER_PATH)/events";
			};
			name = Release;
		};
		75E36E9B28FEF68F00E81454 /* Debug */ = {
			isa = XCBuildConfiguration;
			buildSettings = {
				ALWAYS_EMBED_SWIFT_STANDARD_LIBRARIES = YES;
				CODE_SIGN_STYLE = Automatic;
				CURRENT_PROJECT_VERSION = 1;
				GENERATE_INFOPLIST_FILE = YES;
				MARKETING_VERSION = 1.0;
				PRODUCT_BUNDLE_IDENTIFIER = ios.eventsUITests;
				PRODUCT_NAME = "$(TARGET_NAME)";
				SWIFT_EMIT_LOC_STRINGS = NO;
				SWIFT_VERSION = 5.0;
				TARGETED_DEVICE_FAMILY = "1,2";
				TEST_TARGET_NAME = events;
			};
			name = Debug;
		};
		75E36E9C28FEF68F00E81454 /* Release */ = {
			isa = XCBuildConfiguration;
			buildSettings = {
				ALWAYS_EMBED_SWIFT_STANDARD_LIBRARIES = YES;
				CODE_SIGN_STYLE = Automatic;
				CURRENT_PROJECT_VERSION = 1;
				GENERATE_INFOPLIST_FILE = YES;
				MARKETING_VERSION = 1.0;
				PRODUCT_BUNDLE_IDENTIFIER = ios.eventsUITests;
				PRODUCT_NAME = "$(TARGET_NAME)";
				SWIFT_EMIT_LOC_STRINGS = NO;
				SWIFT_VERSION = 5.0;
				TARGETED_DEVICE_FAMILY = "1,2";
				TEST_TARGET_NAME = events;
			};
			name = Release;
		};
/* End XCBuildConfiguration section */

/* Begin XCConfigurationList section */
		75E36E6528FEF68D00E81454 /* Build configuration list for PBXProject "events" */ = {
			isa = XCConfigurationList;
			buildConfigurations = (
				75E36E9228FEF68F00E81454 /* Debug */,
				75E36E9328FEF68F00E81454 /* Release */,
			);
			defaultConfigurationIsVisible = 0;
			defaultConfigurationName = Release;
		};
		75E36E9428FEF68F00E81454 /* Build configuration list for PBXNativeTarget "events" */ = {
			isa = XCConfigurationList;
			buildConfigurations = (
				75E36E9528FEF68F00E81454 /* Debug */,
				75E36E9628FEF68F00E81454 /* Release */,
			);
			defaultConfigurationIsVisible = 0;
			defaultConfigurationName = Release;
		};
		75E36E9728FEF68F00E81454 /* Build configuration list for PBXNativeTarget "eventsTests" */ = {
			isa = XCConfigurationList;
			buildConfigurations = (
				75E36E9828FEF68F00E81454 /* Debug */,
				75E36E9928FEF68F00E81454 /* Release */,
			);
			defaultConfigurationIsVisible = 0;
			defaultConfigurationName = Release;
		};
		75E36E9A28FEF68F00E81454 /* Build configuration list for PBXNativeTarget "eventsUITests" */ = {
			isa = XCConfigurationList;
			buildConfigurations = (
				75E36E9B28FEF68F00E81454 /* Debug */,
				75E36E9C28FEF68F00E81454 /* Release */,
			);
			defaultConfigurationIsVisible = 0;
			defaultConfigurationName = Release;
		};
/* End XCConfigurationList section */
	};
	rootObject = 75E36E6228FEF68D00E81454 /* Project object */;
}
